
Microsoft Visual Studio Solution File, Format Version 12.00
# Visual Studio Version 17
VisualStudioVersion = 17.5.33502.453
MinimumVisualStudioVersion = 10.0.40219.1
Project("{FAE04EC0-301F-11D3-BF4B-00C04F79EFBC}") = "Sara-Program", "Sara-Program\Sara-Program.csproj", "{312EF2DE-DAF1-41A1-AA99-530678B410BE}"
EndProject
Global
	GlobalSection(SolutionConfigurationPlatforms) = preSolution
		Debug|Any CPU = Debug|Any CPU
		Release|Any CPU = Release|Any CPU
	EndGlobalSection
	GlobalSection(ProjectConfigurationPlatforms) = postSolution
		{312EF2DE-DAF1-41A1-AA99-530678B410BE}.Debug|Any CPU.ActiveCfg = Debug|Any CPU
		{312EF2DE-DAF1-41A1-AA99-530678B410BE}.Debug|Any CPU.Build.0 = Debug|Any CPU
		{312EF2DE-DAF1-41A1-AA99-530678B410BE}.Release|Any CPU.ActiveCfg = Release|Any CPU
		{312EF2DE-DAF1-41A1-AA99-530678B410BE}.Release|Any CPU.Build.0 = Release|Any CPU
	EndGlobalSection
	GlobalSection(SolutionProperties) = preSolution
		HideSolutionNode = FALSE
	EndGlobalSection
	GlobalSection(ExtensibilityGlobals) = postSolution
		SolutionGuid = {F7936591-ABE6-4376-AE71-730D52A54636}
	EndGlobalSection
EndGlobal
